// !$*UTF8*$!
{
	archiveVersion = 1;
	classes = {
	};
	objectVersion = 46;
	objects = {

/* Begin PBXBuildFile section */
		DC0B627F1857AA300062B17F /* Foundation.framework in Frameworks */ = {isa = PBXBuildFile; fileRef = DC0B627E1857AA300062B17F /* Foundation.framework */; };
		DC0B62811857AA300062B17F /* CoreGraphics.framework in Frameworks */ = {isa = PBXBuildFile; fileRef = DC0B62801857AA300062B17F /* CoreGraphics.framework */; };
		DC0B62831857AA300062B17F /* UIKit.framework in Frameworks */ = {isa = PBXBuildFile; fileRef = DC0B62821857AA300062B17F /* UIKit.framework */; };
		DC0B628B1857AA300062B17F /* main.m in Sources */ = {isa = PBXBuildFile; fileRef = DC0B628A1857AA300062B17F /* main.m */; };
		DC0B628F1857AA300062B17F /* RPAppDelegate.m in Sources */ = {isa = PBXBuildFile; fileRef = DC0B628E1857AA300062B17F /* RPAppDelegate.m */; };
		DC0B62911857AA300062B17F /* Images.xcassets in Resources */ = {isa = PBXBuildFile; fileRef = DC0B62901857AA300062B17F /* Images.xcassets */; };
		DC0B62C61857B0BA0062B17F /* RPMainViewController.m in Sources */ = {isa = PBXBuildFile; fileRef = DC0B62C51857B0BA0062B17F /* RPMainViewController.m */; };
		DC0B62CE1857B2950062B17F /* CoreTelephony.framework in Frameworks */ = {isa = PBXBuildFile; fileRef = DC0B62CD1857B2950062B17F /* CoreTelephony.framework */; };
		DC0B62D01857B2990062B17F /* SystemConfiguration.framework in Frameworks */ = {isa = PBXBuildFile; fileRef = DC0B62CF1857B2990062B17F /* SystemConfiguration.framework */; };
		DC0B62D21857B29D0062B17F /* libxml2.dylib in Frameworks */ = {isa = PBXBuildFile; fileRef = DC0B62D11857B29D0062B17F /* libxml2.dylib */; };
		DC0B62D61857B2A50062B17F /* CoreText.framework in Frameworks */ = {isa = PBXBuildFile; fileRef = DC0B62D51857B2A50062B17F /* CoreText.framework */; };
		DC25348A18F59EAA0065C6B4 /* QuartzCore.framework in Frameworks */ = {isa = PBXBuildFile; fileRef = DC25348918F59EAA0065C6B4 /* QuartzCore.framework */; };
		DC31EC7218633B7600FFAFC2 /* RPZendeskPickerView.m in Sources */ = {isa = PBXBuildFile; fileRef = DC31EC7118633B7600FFAFC2 /* RPZendeskPickerView.m */; };
		DC31EC7518634A5900FFAFC2 /* RPMainContentView.m in Sources */ = {isa = PBXBuildFile; fileRef = DC31EC7418634A5900FFAFC2 /* RPMainContentView.m */; };
		DC80A390188EDBD800B6BF9F /* SupportKit.bundle in Resources */ = {isa = PBXBuildFile; fileRef = DC80A38E188EDBD800B6BF9F /* SupportKit.bundle */; };
		DC80A391188EDBD800B6BF9F /* SupportKit.framework in Frameworks */ = {isa = PBXBuildFile; fileRef = DC80A38F188EDBD800B6BF9F /* SupportKit.framework */; };
		DCEABA7418C7B3C300014CA4 /* OpenGLES.framework in Frameworks */ = {isa = PBXBuildFile; fileRef = DCEABA7318C7B3C300014CA4 /* OpenGLES.framework */; };
		DCEF37A818C0DD7800B5DD25 /* logo@2x.png in Resources */ = {isa = PBXBuildFile; fileRef = DCEF37A418C0DD7800B5DD25 /* logo@2x.png */; };
		DCEF37AC18C0DDE200B5DD25 /* text@2x.png in Resources */ = {isa = PBXBuildFile; fileRef = DCEF37AA18C0DDE200B5DD25 /* text@2x.png */; };
		DCEF37AF18C0E60200B5DD25 /* RPRoundedButton.m in Sources */ = {isa = PBXBuildFile; fileRef = DCEF37AE18C0E60200B5DD25 /* RPRoundedButton.m */; };
		DCEF37B118C0F33000B5DD25 /* main-background@2x.png in Resources */ = {isa = PBXBuildFile; fileRef = DCEF37B018C0F33000B5DD25 /* main-background@2x.png */; };
/* End PBXBuildFile section */

/* Begin PBXFileReference section */
		27B7D7EB195C8D9A00A7E55A /* CoreVideo.framework */ = {isa = PBXFileReference; lastKnownFileType = wrapper.framework; name = CoreVideo.framework; path = System/Library/Frameworks/CoreVideo.framework; sourceTree = SDKROOT; };
		DC0B627B1857AA300062B17F /* DemoApp.app */ = {isa = PBXFileReference; explicitFileType = wrapper.application; includeInIndex = 0; path = DemoApp.app; sourceTree = BUILT_PRODUCTS_DIR; };
		DC0B627E1857AA300062B17F /* Foundation.framework */ = {isa = PBXFileReference; lastKnownFileType = wrapper.framework; name = Foundation.framework; path = System/Library/Frameworks/Foundation.framework; sourceTree = SDKROOT; };
		DC0B62801857AA300062B17F /* CoreGraphics.framework */ = {isa = PBXFileReference; lastKnownFileType = wrapper.framework; name = CoreGraphics.framework; path = System/Library/Frameworks/CoreGraphics.framework; sourceTree = SDKROOT; };
		DC0B62821857AA300062B17F /* UIKit.framework */ = {isa = PBXFileReference; lastKnownFileType = wrapper.framework; name = UIKit.framework; path = System/Library/Frameworks/UIKit.framework; sourceTree = SDKROOT; };
		DC0B62861857AA300062B17F /* DemoApp-Info.plist */ = {isa = PBXFileReference; lastKnownFileType = text.plist.xml; path = "DemoApp-Info.plist"; sourceTree = "<group>"; };
		DC0B628A1857AA300062B17F /* main.m */ = {isa = PBXFileReference; lastKnownFileType = sourcecode.c.objc; path = main.m; sourceTree = "<group>"; };
		DC0B628C1857AA300062B17F /* DemoApp-Prefix.pch */ = {isa = PBXFileReference; lastKnownFileType = sourcecode.c.h; path = "DemoApp-Prefix.pch"; sourceTree = "<group>"; };
		DC0B628D1857AA300062B17F /* RPAppDelegate.h */ = {isa = PBXFileReference; lastKnownFileType = sourcecode.c.h; path = RPAppDelegate.h; sourceTree = "<group>"; };
		DC0B628E1857AA300062B17F /* RPAppDelegate.m */ = {isa = PBXFileReference; lastKnownFileType = sourcecode.c.objc; path = RPAppDelegate.m; sourceTree = "<group>"; };
		DC0B62901857AA300062B17F /* Images.xcassets */ = {isa = PBXFileReference; lastKnownFileType = folder.assetcatalog; path = Images.xcassets; sourceTree = "<group>"; };
		DC0B62C41857B0BA0062B17F /* RPMainViewController.h */ = {isa = PBXFileReference; fileEncoding = 4; lastKnownFileType = sourcecode.c.h; path = RPMainViewController.h; sourceTree = "<group>"; };
		DC0B62C51857B0BA0062B17F /* RPMainViewController.m */ = {isa = PBXFileReference; fileEncoding = 4; lastKnownFileType = sourcecode.c.objc; path = RPMainViewController.m; sourceTree = "<group>"; };
		DC0B62CD1857B2950062B17F /* CoreTelephony.framework */ = {isa = PBXFileReference; lastKnownFileType = wrapper.framework; name = CoreTelephony.framework; path = System/Library/Frameworks/CoreTelephony.framework; sourceTree = SDKROOT; };
		DC0B62CF1857B2990062B17F /* SystemConfiguration.framework */ = {isa = PBXFileReference; lastKnownFileType = wrapper.framework; name = SystemConfiguration.framework; path = System/Library/Frameworks/SystemConfiguration.framework; sourceTree = SDKROOT; };
		DC0B62D11857B29D0062B17F /* libxml2.dylib */ = {isa = PBXFileReference; lastKnownFileType = "compiled.mach-o.dylib"; name = libxml2.dylib; path = usr/lib/libxml2.dylib; sourceTree = SDKROOT; };
		DC0B62D51857B2A50062B17F /* CoreText.framework */ = {isa = PBXFileReference; lastKnownFileType = wrapper.framework; name = CoreText.framework; path = System/Library/Frameworks/CoreText.framework; sourceTree = SDKROOT; };
		DC25348718F59E1A0065C6B4 /* AVFoundation.framework */ = {isa = PBXFileReference; lastKnownFileType = wrapper.framework; name = AVFoundation.framework; path = System/Library/Frameworks/AVFoundation.framework; sourceTree = SDKROOT; };
		DC25348918F59EAA0065C6B4 /* QuartzCore.framework */ = {isa = PBXFileReference; lastKnownFileType = wrapper.framework; name = QuartzCore.framework; path = System/Library/Frameworks/QuartzCore.framework; sourceTree = SDKROOT; };
		DC31EC7018633B7600FFAFC2 /* RPZendeskPickerView.h */ = {isa = PBXFileReference; fileEncoding = 4; lastKnownFileType = sourcecode.c.h; path = RPZendeskPickerView.h; sourceTree = "<group>"; };
		DC31EC7118633B7600FFAFC2 /* RPZendeskPickerView.m */ = {isa = PBXFileReference; fileEncoding = 4; lastKnownFileType = sourcecode.c.objc; path = RPZendeskPickerView.m; sourceTree = "<group>"; };
		DC31EC7318634A5900FFAFC2 /* RPMainContentView.h */ = {isa = PBXFileReference; fileEncoding = 4; lastKnownFileType = sourcecode.c.h; path = RPMainContentView.h; sourceTree = "<group>"; };
		DC31EC7418634A5900FFAFC2 /* RPMainContentView.m */ = {isa = PBXFileReference; fileEncoding = 4; lastKnownFileType = sourcecode.c.objc; path = RPMainContentView.m; sourceTree = "<group>"; };
		DC80A38E188EDBD800B6BF9F /* SupportKit.bundle */ = {isa = PBXFileReference; lastKnownFileType = "wrapper.plug-in"; path = SupportKit.bundle; sourceTree = "<group>"; };
		DC80A38F188EDBD800B6BF9F /* SupportKit.framework */ = {isa = PBXFileReference; lastKnownFileType = wrapper.framework; path = SupportKit.framework; sourceTree = "<group>"; };
		DCEABA7318C7B3C300014CA4 /* OpenGLES.framework */ = {isa = PBXFileReference; lastKnownFileType = wrapper.framework; name = OpenGLES.framework; path = System/Library/Frameworks/OpenGLES.framework; sourceTree = SDKROOT; };
		DCEF37A418C0DD7800B5DD25 /* logo@2x.png */ = {isa = PBXFileReference; lastKnownFileType = image.png; path = "logo@2x.png"; sourceTree = "<group>"; };
		DCEF37AA18C0DDE200B5DD25 /* text@2x.png */ = {isa = PBXFileReference; lastKnownFileType = image.png; path = "text@2x.png"; sourceTree = "<group>"; };
		DCEF37AD18C0E60200B5DD25 /* RPRoundedButton.h */ = {isa = PBXFileReference; fileEncoding = 4; lastKnownFileType = sourcecode.c.h; path = RPRoundedButton.h; sourceTree = "<group>"; };
		DCEF37AE18C0E60200B5DD25 /* RPRoundedButton.m */ = {isa = PBXFileReference; fileEncoding = 4; lastKnownFileType = sourcecode.c.objc; path = RPRoundedButton.m; sourceTree = "<group>"; };
		DCEF37B018C0F33000B5DD25 /* main-background@2x.png */ = {isa = PBXFileReference; lastKnownFileType = image.png; path = "main-background@2x.png"; sourceTree = "<group>"; };
/* End PBXFileReference section */

/* Begin PBXFrameworksBuildPhase section */
		DC0B62781857AA300062B17F /* Frameworks */ = {
			isa = PBXFrameworksBuildPhase;
			buildActionMask = 2147483647;
			files = (
				DC0B62811857AA300062B17F /* CoreGraphics.framework in Frameworks */,
				DC0B62CE1857B2950062B17F /* CoreTelephony.framework in Frameworks */,
				DC0B62D61857B2A50062B17F /* CoreText.framework in Frameworks */,
				DC0B627F1857AA300062B17F /* Foundation.framework in Frameworks */,
				DC0B62D21857B29D0062B17F /* libxml2.dylib in Frameworks */,
				DCEABA7418C7B3C300014CA4 /* OpenGLES.framework in Frameworks */,
				DC25348A18F59EAA0065C6B4 /* QuartzCore.framework in Frameworks */,
				DC80A391188EDBD800B6BF9F /* SupportKit.framework in Frameworks */,
				DC0B62D01857B2990062B17F /* SystemConfiguration.framework in Frameworks */,
				DC0B62831857AA300062B17F /* UIKit.framework in Frameworks */,
			);
			runOnlyForDeploymentPostprocessing = 0;
		};
/* End PBXFrameworksBuildPhase section */

/* Begin PBXGroup section */
		DC0B62721857AA300062B17F = {
			isa = PBXGroup;
			children = (
				DC0B62841857AA300062B17F /* DemoApp */,
				DCEF37A018C0DD7800B5DD25 /* Resources */,
				DC0B627D1857AA300062B17F /* Frameworks */,
				DC0B627C1857AA300062B17F /* Products */,
			);
			sourceTree = "<group>";
		};
		DC0B627C1857AA300062B17F /* Products */ = {
			isa = PBXGroup;
			children = (
				DC0B627B1857AA300062B17F /* DemoApp.app */,
			);
			name = Products;
			sourceTree = "<group>";
		};
		DC0B627D1857AA300062B17F /* Frameworks */ = {
			isa = PBXGroup;
			children = (
				DC80A38E188EDBD800B6BF9F /* SupportKit.bundle */,
				DC80A38F188EDBD800B6BF9F /* SupportKit.framework */,
				27B7D7EB195C8D9A00A7E55A /* CoreVideo.framework */,
				DC25348918F59EAA0065C6B4 /* QuartzCore.framework */,
				DC25348718F59E1A0065C6B4 /* AVFoundation.framework */,
				DCEABA7318C7B3C300014CA4 /* OpenGLES.framework */,
				DC0B62D51857B2A50062B17F /* CoreText.framework */,
				DC0B62D11857B29D0062B17F /* libxml2.dylib */,
				DC0B62CF1857B2990062B17F /* SystemConfiguration.framework */,
				DC0B62CD1857B2950062B17F /* CoreTelephony.framework */,
				DC0B627E1857AA300062B17F /* Foundation.framework */,
				DC0B62801857AA300062B17F /* CoreGraphics.framework */,
				DC0B62821857AA300062B17F /* UIKit.framework */,
			);
			name = Frameworks;
			sourceTree = "<group>";
		};
		DC0B62841857AA300062B17F /* DemoApp */ = {
			isa = PBXGroup;
			children = (
				DC0B628D1857AA300062B17F /* RPAppDelegate.h */,
				DC0B628E1857AA300062B17F /* RPAppDelegate.m */,
				DC0B62C41857B0BA0062B17F /* RPMainViewController.h */,
				DC0B62C51857B0BA0062B17F /* RPMainViewController.m */,
				DC31EC7018633B7600FFAFC2 /* RPZendeskPickerView.h */,
				DC31EC7118633B7600FFAFC2 /* RPZendeskPickerView.m */,
				DC31EC7318634A5900FFAFC2 /* RPMainContentView.h */,
				DC31EC7418634A5900FFAFC2 /* RPMainContentView.m */,
				DCEF37AD18C0E60200B5DD25 /* RPRoundedButton.h */,
				DCEF37AE18C0E60200B5DD25 /* RPRoundedButton.m */,
				DC0B62901857AA300062B17F /* Images.xcassets */,
				DC0B62851857AA300062B17F /* Supporting Files */,
			);
			path = DemoApp;
			sourceTree = "<group>";
		};
		DC0B62851857AA300062B17F /* Supporting Files */ = {
			isa = PBXGroup;
			children = (
				DC0B62861857AA300062B17F /* DemoApp-Info.plist */,
				DC0B628A1857AA300062B17F /* main.m */,
				DC0B628C1857AA300062B17F /* DemoApp-Prefix.pch */,
			);
			name = "Supporting Files";
			sourceTree = "<group>";
		};
		DCEF37A018C0DD7800B5DD25 /* Resources */ = {
			isa = PBXGroup;
			children = (
				DCEF37B018C0F33000B5DD25 /* main-background@2x.png */,
				DCEF37AA18C0DDE200B5DD25 /* text@2x.png */,
				DCEF37A418C0DD7800B5DD25 /* logo@2x.png */,
			);
			path = Resources;
			sourceTree = "<group>";
		};
/* End PBXGroup section */

/* Begin PBXNativeTarget section */
		DC0B627A1857AA300062B17F /* DemoApp */ = {
			isa = PBXNativeTarget;
			buildConfigurationList = DC0B62A71857AA300062B17F /* Build configuration list for PBXNativeTarget "DemoApp" */;
			buildPhases = (
				DC0B62771857AA300062B17F /* Sources */,
				DC0B62781857AA300062B17F /* Frameworks */,
				DC0B62791857AA300062B17F /* Resources */,
			);
			buildRules = (
			);
			dependencies = (
			);
			name = DemoApp;
			productName = DemoApp;
			productReference = DC0B627B1857AA300062B17F /* DemoApp.app */;
			productType = "com.apple.product-type.application";
		};
/* End PBXNativeTarget section */

/* Begin PBXProject section */
		DC0B62731857AA300062B17F /* Project object */ = {
			isa = PBXProject;
			attributes = {
				CLASSPREFIX = RP;
				LastUpgradeCheck = 0510;
				ORGANIZATIONNAME = Radialpoint;
			};
			buildConfigurationList = DC0B62761857AA300062B17F /* Build configuration list for PBXProject "DemoApp" */;
			compatibilityVersion = "Xcode 3.2";
			developmentRegion = English;
			hasScannedForEncodings = 0;
			knownRegions = (
				en,
			);
			mainGroup = DC0B62721857AA300062B17F;
			productRefGroup = DC0B627C1857AA300062B17F /* Products */;
			projectDirPath = "";
			projectRoot = "";
			targets = (
				DC0B627A1857AA300062B17F /* DemoApp */,
			);
		};
/* End PBXProject section */

/* Begin PBXResourcesBuildPhase section */
		DC0B62791857AA300062B17F /* Resources */ = {
			isa = PBXResourcesBuildPhase;
			buildActionMask = 2147483647;
			files = (
				DCEF37A818C0DD7800B5DD25 /* logo@2x.png in Resources */,
				DC80A390188EDBD800B6BF9F /* SupportKit.bundle in Resources */,
				DCEF37AC18C0DDE200B5DD25 /* text@2x.png in Resources */,
				DCEF37B118C0F33000B5DD25 /* main-background@2x.png in Resources */,
				DC0B62911857AA300062B17F /* Images.xcassets in Resources */,
			);
			runOnlyForDeploymentPostprocessing = 0;
		};
/* End PBXResourcesBuildPhase section */

/* Begin PBXSourcesBuildPhase section */
		DC0B62771857AA300062B17F /* Sources */ = {
			isa = PBXSourcesBuildPhase;
			buildActionMask = 2147483647;
			files = (
				DC31EC7218633B7600FFAFC2 /* RPZendeskPickerView.m in Sources */,
				DC0B62C61857B0BA0062B17F /* RPMainViewController.m in Sources */,
				DC31EC7518634A5900FFAFC2 /* RPMainContentView.m in Sources */,
				DC0B628F1857AA300062B17F /* RPAppDelegate.m in Sources */,
				DC0B628B1857AA300062B17F /* main.m in Sources */,
				DCEF37AF18C0E60200B5DD25 /* RPRoundedButton.m in Sources */,
			);
			runOnlyForDeploymentPostprocessing = 0;
		};
/* End PBXSourcesBuildPhase section */

/* Begin XCBuildConfiguration section */
		DC0B62A51857AA300062B17F /* Debug */ = {
			isa = XCBuildConfiguration;
			buildSettings = {
				ALWAYS_SEARCH_USER_PATHS = NO;
				CLANG_CXX_LANGUAGE_STANDARD = "gnu++0x";
				CLANG_CXX_LIBRARY = "libc++";
				CLANG_ENABLE_MODULES = YES;
				CLANG_ENABLE_OBJC_ARC = YES;
				CLANG_WARN_BOOL_CONVERSION = YES;
				CLANG_WARN_CONSTANT_CONVERSION = YES;
				CLANG_WARN_DIRECT_OBJC_ISA_USAGE = YES_ERROR;
				CLANG_WARN_EMPTY_BODY = YES;
				CLANG_WARN_ENUM_CONVERSION = YES;
				CLANG_WARN_INT_CONVERSION = YES;
				CLANG_WARN_OBJC_ROOT_CLASS = YES_ERROR;
				CLANG_WARN__DUPLICATE_METHOD_MATCH = YES;
				"CODE_SIGN_IDENTITY[sdk=iphoneos*]" = "iPhone Developer";
				COPY_PHASE_STRIP = NO;
				GCC_C_LANGUAGE_STANDARD = gnu99;
				GCC_DYNAMIC_NO_PIC = NO;
				GCC_OPTIMIZATION_LEVEL = 0;
				GCC_PREPROCESSOR_DEFINITIONS = (
					"DEBUG=1",
					"$(inherited)",
				);
				GCC_SYMBOLS_PRIVATE_EXTERN = NO;
				GCC_WARN_64_TO_32_BIT_CONVERSION = YES;
				GCC_WARN_ABOUT_RETURN_TYPE = YES_ERROR;
				GCC_WARN_UNDECLARED_SELECTOR = YES;
				GCC_WARN_UNINITIALIZED_AUTOS = YES;
				GCC_WARN_UNUSED_FUNCTION = YES;
				GCC_WARN_UNUSED_VARIABLE = YES;
				IPHONEOS_DEPLOYMENT_TARGET = 7.0;
				ONLY_ACTIVE_ARCH = YES;
				SDKROOT = iphoneos;
			};
			name = Debug;
		};
		DC0B62A61857AA300062B17F /* Release */ = {
			isa = XCBuildConfiguration;
			buildSettings = {
				ALWAYS_SEARCH_USER_PATHS = NO;
				CLANG_CXX_LANGUAGE_STANDARD = "gnu++0x";
				CLANG_CXX_LIBRARY = "libc++";
				CLANG_ENABLE_MODULES = YES;
				CLANG_ENABLE_OBJC_ARC = YES;
				CLANG_WARN_BOOL_CONVERSION = YES;
				CLANG_WARN_CONSTANT_CONVERSION = YES;
				CLANG_WARN_DIRECT_OBJC_ISA_USAGE = YES_ERROR;
				CLANG_WARN_EMPTY_BODY = YES;
				CLANG_WARN_ENUM_CONVERSION = YES;
				CLANG_WARN_INT_CONVERSION = YES;
				CLANG_WARN_OBJC_ROOT_CLASS = YES_ERROR;
				CLANG_WARN__DUPLICATE_METHOD_MATCH = YES;
				"CODE_SIGN_IDENTITY[sdk=iphoneos*]" = "iPhone Developer";
				COPY_PHASE_STRIP = YES;
				ENABLE_NS_ASSERTIONS = NO;
				GCC_C_LANGUAGE_STANDARD = gnu99;
				GCC_WARN_64_TO_32_BIT_CONVERSION = YES;
				GCC_WARN_ABOUT_RETURN_TYPE = YES_ERROR;
				GCC_WARN_UNDECLARED_SELECTOR = YES;
				GCC_WARN_UNINITIALIZED_AUTOS = YES;
				GCC_WARN_UNUSED_FUNCTION = YES;
				GCC_WARN_UNUSED_VARIABLE = YES;
				IPHONEOS_DEPLOYMENT_TARGET = 7.0;
				SDKROOT = iphoneos;
				VALIDATE_PRODUCT = YES;
			};
			name = Release;
		};
		DC0B62A81857AA300062B17F /* Debug */ = {
			isa = XCBuildConfiguration;
			buildSettings = {
				ASSETCATALOG_COMPILER_APPICON_NAME = AppIcon;
				ASSETCATALOG_COMPILER_LAUNCHIMAGE_NAME = LaunchImage;
				CODE_SIGN_RESOURCE_RULES_PATH = "$(SDKROOT)/ResourceRules.plist";
				FRAMEWORK_SEARCH_PATHS = (
					"$(inherited)",
					"${SRCROOT}",
					"$(PROJECT_DIR)",
				);
				GCC_PRECOMPILE_PREFIX_HEADER = YES;
				GCC_PREFIX_HEADER = "DemoApp/DemoApp-Prefix.pch";
				INFOPLIST_FILE = "DemoApp/DemoApp-Info.plist";
				IPHONEOS_DEPLOYMENT_TARGET = 6.1;
				PRODUCT_NAME = "$(TARGET_NAME)";
				TARGETED_DEVICE_FAMILY = "1,2";
				WRAPPER_EXTENSION = app;
			};
			name = Debug;
		};
		DC0B62A91857AA300062B17F /* Release */ = {
			isa = XCBuildConfiguration;
			buildSettings = {
				ASSETCATALOG_COMPILER_APPICON_NAME = AppIcon;
				ASSETCATALOG_COMPILER_LAUNCHIMAGE_NAME = LaunchImage;
				CODE_SIGN_RESOURCE_RULES_PATH = "$(SDKROOT)/ResourceRules.plist";
				FRAMEWORK_SEARCH_PATHS = (
					"$(inherited)",
					"${SRCROOT}",
					"$(PROJECT_DIR)",
				);
				GCC_PRECOMPILE_PREFIX_HEADER = YES;
				GCC_PREFIX_HEADER = "DemoApp/DemoApp-Prefix.pch";
				INFOPLIST_FILE = "DemoApp/DemoApp-Info.plist";
				IPHONEOS_DEPLOYMENT_TARGET = 6.1;
				PRODUCT_NAME = "$(TARGET_NAME)";
				TARGETED_DEVICE_FAMILY = "1,2";
				WRAPPER_EXTENSION = app;
			};
			name = Release;
		};
/* End XCBuildConfiguration section */

/* Begin XCConfigurationList section */
		DC0B62761857AA300062B17F /* Build configuration list for PBXProject "DemoApp" */ = {
			isa = XCConfigurationList;
			buildConfigurations = (
				DC0B62A51857AA300062B17F /* Debug */,
				DC0B62A61857AA300062B17F /* Release */,
			);
			defaultConfigurationIsVisible = 0;
			defaultConfigurationName = Release;
		};
		DC0B62A71857AA300062B17F /* Build configuration list for PBXNativeTarget "DemoApp" */ = {
			isa = XCConfigurationList;
			buildConfigurations = (
				DC0B62A81857AA300062B17F /* Debug */,
				DC0B62A91857AA300062B17F /* Release */,
			);
			defaultConfigurationIsVisible = 0;
			defaultConfigurationName = Release;
		};
/* End XCConfigurationList section */
	};
	rootObject = DC0B62731857AA300062B17F /* Project object */;
}
